// !$*UTF8*$!
{
	archiveVersion = 1;
	classes = {
	};
	objectVersion = 77;
	objects = {

/* Begin PBXBuildFile section */
		59FC62072E0EBA190076D91F /* WordCraftApp.swift in Sources */ = {isa = PBXBuildFile; fileRef = 59FC62062E0EBA190076D91F /* WordCraftApp.swift */; };
		59FC62092E0EBA190076D91F /* ContentView.swift in Sources */ = {isa = PBXBuildFile; fileRef = 59FC62082E0EBA190076D91F /* ContentView.swift */; };
		59FC620B2E0EBA190076D91F /* Assets.xcassets in Resources */ = {isa = PBXBuildFile; fileRef = 59FC620A2E0EBA190076D91F /* Assets.xcassets */; };
		59FC620D2E0EBA190076D91F /* Persistence.swift in Sources */ = {isa = PBXBuildFile; fileRef = 59FC620C2E0EBA190076D91F /* Persistence.swift */; };
		59FC62102E0EBA190076D91F /* WordCraft.xcdatamodeld in Sources */ = {isa = PBXBuildFile; fileRef = 59FC620E2E0EBA190076D91F /* WordCraft.xcdatamodeld */; };
/* End PBXBuildFile section */

/* Begin PBXContainerItemProxy section */
		59FC62182E0EBA1A0076D91F /* PBXContainerItemProxy */ = {
			isa = PBXContainerItemProxy;
			containerPortal = 59FC61FB2E0EBA190076D91F /* Project object */;
			proxyType = 1;
			remoteGlobalIDString = 59FC62022E0EBA190076D91F;
			remoteInfo = WordCraft;
		};
		59FC62222E0EBA1A0076D91F /* PBXContainerItemProxy */ = {
			isa = PBXContainerItemProxy;
			containerPortal = 59FC61FB2E0EBA190076D91F /* Project object */;
			proxyType = 1;
			remoteGlobalIDString = 59FC62022E0EBA190076D91F;
			remoteInfo = WordCraft;
		};
/* End PBXContainerItemProxy section */

/* Begin PBXFileReference section */
		59FC62032E0EBA190076D91F /* WordCraft.app */ = {isa = PBXFileReference; explicitFileType = wrapper.application; includeInIndex = 0; path = WordCraft.app; sourceTree = BUILT_PRODUCTS_DIR; };
		59FC62062E0EBA190076D91F /* WordCraftApp.swift */ = {isa = PBXFileReference; lastKnownFileType = sourcecode.swift; path = WordCraftApp.swift; sourceTree = "<group>"; };
		59FC62082E0EBA190076D91F /* ContentView.swift */ = {isa = PBXFileReference; lastKnownFileType = sourcecode.swift; path = ContentView.swift; sourceTree = "<group>"; };
		59FC620A2E0EBA190076D91F /* Assets.xcassets */ = {isa = PBXFileReference; lastKnownFileType = folder.assetcatalog; path = Assets.xcassets; sourceTree = "<group>"; };
		59FC620C2E0EBA190076D91F /* Persistence.swift */ = {isa = PBXFileReference; lastKnownFileType = sourcecode.swift; path = Persistence.swift; sourceTree = "<group>"; };
		59FC620F2E0EBA190076D91F /* WordCraft.xcdatamodel */ = {isa = PBXFileReference; lastKnownFileType = wrapper.xcdatamodel; path = WordCraft.xcdatamodel; sourceTree = "<group>"; };
		59FC62172E0EBA1A0076D91F /* WordCraftTests.xctest */ = {isa = PBXFileReference; explicitFileType = wrapper.cfbundle; includeInIndex = 0; path = WordCraftTests.xctest; sourceTree = BUILT_PRODUCTS_DIR; };
		59FC62212E0EBA1A0076D91F /* WordCraftUITests.xctest */ = {isa = PBXFileReference; explicitFileType = wrapper.cfbundle; includeInIndex = 0; path = WordCraftUITests.xctest; sourceTree = BUILT_PRODUCTS_DIR; };
/* End PBXFileReference section */

/* Begin PBXFileSystemSynchronizedBuildFileExceptionSet section */
		59FC62292E0EBA1A0076D91F /* Exceptions for "WordCraft" folder in "WordCraft" target */ = {
			isa = PBXFileSystemSynchronizedBuildFileExceptionSet;
			membershipExceptions = (
				Info.plist,
			);
			target = 59FC62022E0EBA190076D91F /* WordCraft */;
		};
/* End PBXFileSystemSynchronizedBuildFileExceptionSet section */

/* Begin PBXFileSystemSynchronizedRootGroup section */
		59FC62052E0EBA190076D91F /* WordCraft */ = {
			isa = PBXFileSystemSynchronizedRootGroup;
			exceptions = (
				59FC62292E0EBA1A0076D91F /* Exceptions for "WordCraft" folder in "WordCraft" target */,
			);
			path = WordCraft;
			sourceTree = "<group>";
		};
		59FC621A2E0EBA1A0076D91F /* WordCraftTests */ = {
			isa = PBXFileSystemSynchronizedRootGroup;
			path = WordCraftTests;
			sourceTree = "<group>";
		};
		59FC62242E0EBA1A0076D91F /* WordCraftUITests */ = {
			isa = PBXFileSystemSynchronizedRootGroup;
			path = WordCraftUITests;
			sourceTree = "<group>";
		};
/* End PBXFileSystemSynchronizedRootGroup section */

/* Begin PBXFrameworksBuildPhase section */
		59FC62002E0EBA190076D91F /* Frameworks */ = {
			isa = PBXFrameworksBuildPhase;
			buildActionMask = 2147483647;
			files = (
			);
			runOnlyForDeploymentPostprocessing = 0;
		};
		59FC62142E0EBA1A0076D91F /* Frameworks */ = {
			isa = PBXFrameworksBuildPhase;
			buildActionMask = 2147483647;
			files = (
			);
			runOnlyForDeploymentPostprocessing = 0;
		};
		59FC621E2E0EBA1A0076D91F /* Frameworks */ = {
			isa = PBXFrameworksBuildPhase;
			buildActionMask = 2147483647;
			files = (
			);
			runOnlyForDeploymentPostprocessing = 0;
		};
/* End PBXFrameworksBuildPhase section */

/* Begin PBXGroup section */
		59FC61FA2E0EBA190076D91F = {
			isa = PBXGroup;
			children = (
				59FC623B2E0EBA890076D91F /* Resources */,
				59FC623A2E0EBA830076D91F /* UI */,
				59FC62392E0EBA7A0076D91F /* Monetization */,
				59FC62382E0EBA750076D91F /* Data */,
				59FC62372E0EBA6E0076D91F /* Features */,
				59FC62362E0EBA620076D91F /* Core */,
				59FC62352E0EBA540076D91F /* App */,
				59FC62052E0EBA190076D91F /* WordCraft */,
				59FC621A2E0EBA1A0076D91F /* WordCraftTests */,
				59FC62242E0EBA1A0076D91F /* WordCraftUITests */,
				59FC62042E0EBA190076D91F /* Products */,
			);
			sourceTree = "<group>";
		};
		59FC62042E0EBA190076D91F /* Products */ = {
			isa = PBXGroup;
			children = (
				59FC62032E0EBA190076D91F /* WordCraft.app */,
				59FC62172E0EBA1A0076D91F /* WordCraftTests.xctest */,
				59FC62212E0EBA1A0076D91F /* WordCraftUITests.xctest */,
			);
			name = Products;
			sourceTree = "<group>";
		};
		59FC62352E0EBA540076D91F /* App */ = {
			isa = PBXGroup;
			children = (
				59FC62082E0EBA190076D91F /* ContentView.swift */,
				59FC62062E0EBA190076D91F /* WordCraftApp.swift */,
			);
			path = App;
			sourceTree = "<group>";
		};
		59FC62362E0EBA620076D91F /* Core */ = {
			isa = PBXGroup;
			children = (
			);
			path = Core;
			sourceTree = "<group>";
		};
		59FC62372E0EBA6E0076D91F /* Features */ = {
			isa = PBXGroup;
			children = (
			);
			path = Features;
			sourceTree = "<group>";
		};
		59FC62382E0EBA750076D91F /* Data */ = {
			isa = PBXGroup;
			children = (
				59FC620C2E0EBA190076D91F /* Persistence.swift */,
				59FC620E2E0EBA190076D91F /* WordCraft.xcdatamodeld */,
			);
			path = Data;
			sourceTree = "<group>";
		};
		59FC62392E0EBA7A0076D91F /* Monetization */ = {
			isa = PBXGroup;
			children = (
			);
			path = Monetization;
			sourceTree = "<group>";
		};
		59FC623A2E0EBA830076D91F /* UI */ = {
			isa = PBXGroup;
			children = (
			);
			path = UI;
			sourceTree = "<group>";
		};
		59FC623B2E0EBA890076D91F /* Resources */ = {
			isa = PBXGroup;
			children = (
				59FC620A2E0EBA190076D91F /* Assets.xcassets */,
			);
			path = Resources;
			sourceTree = "<group>";
		};
/* End PBXGroup section */

/* Begin PBXNativeTarget section */
		59FC62022E0EBA190076D91F /* WordCraft */ = {
			isa = PBXNativeTarget;
			buildConfigurationList = 59FC622A2E0EBA1A0076D91F /* Build configuration list for PBXNativeTarget "WordCraft" */;
			buildPhases = (
				59FC61FF2E0EBA190076D91F /* Sources */,
				59FC62002E0EBA190076D91F /* Frameworks */,
				59FC62012E0EBA190076D91F /* Resources */,
			);
			buildRules = (
			);
			dependencies = (
			);
			fileSystemSynchronizedGroups = (
				59FC62052E0EBA190076D91F /* WordCraft */,
			);
			name = WordCraft;
			packageProductDependencies = (
			);
			productName = WordCraft;
			productReference = 59FC62032E0EBA190076D91F /* WordCraft.app */;
			productType = "com.apple.product-type.application";
		};
		59FC62162E0EBA1A0076D91F /* WordCraftTests */ = {
			isa = PBXNativeTarget;
			buildConfigurationList = 59FC622F2E0EBA1A0076D91F /* Build configuration list for PBXNativeTarget "WordCraftTests" */;
			buildPhases = (
				59FC62132E0EBA1A0076D91F /* Sources */,
				59FC62142E0EBA1A0076D91F /* Frameworks */,
				59FC62152E0EBA1A0076D91F /* Resources */,
			);
			buildRules = (
			);
			dependencies = (
				59FC62192E0EBA1A0076D91F /* PBXTargetDependency */,
			);
			fileSystemSynchronizedGroups = (
				59FC621A2E0EBA1A0076D91F /* WordCraftTests */,
			);
			name = WordCraftTests;
			packageProductDependencies = (
			);
			productName = WordCraftTests;
			productReference = 59FC62172E0EBA1A0076D91F /* WordCraftTests.xctest */;
			productType = "com.apple.product-type.bundle.unit-test";
		};
		59FC62202E0EBA1A0076D91F /* WordCraftUITests */ = {
			isa = PBXNativeTarget;
			buildConfigurationList = 59FC62322E0EBA1A0076D91F /* Build configuration list for PBXNativeTarget "WordCraftUITests" */;
			buildPhases = (
				59FC621D2E0EBA1A0076D91F /* Sources */,
				59FC621E2E0EBA1A0076D91F /* Frameworks */,
				59FC621F2E0EBA1A0076D91F /* Resources */,
			);
			buildRules = (
			);
			dependencies = (
				59FC62232E0EBA1A0076D91F /* PBXTargetDependency */,
			);
			fileSystemSynchronizedGroups = (
				59FC62242E0EBA1A0076D91F /* WordCraftUITests */,
			);
			name = WordCraftUITests;
			packageProductDependencies = (
			);
			productName = WordCraftUITests;
			productReference = 59FC62212E0EBA1A0076D91F /* WordCraftUITests.xctest */;
			productType = "com.apple.product-type.bundle.ui-testing";
		};
/* End PBXNativeTarget section */

/* Begin PBXProject section */
		59FC61FB2E0EBA190076D91F /* Project object */ = {
			isa = PBXProject;
			attributes = {
				BuildIndependentTargetsInParallel = 1;
				LastSwiftUpdateCheck = 1630;
				LastUpgradeCheck = 1630;
				TargetAttributes = {
					59FC62022E0EBA190076D91F = {
						CreatedOnToolsVersion = 16.3;
					};
					59FC62162E0EBA1A0076D91F = {
						CreatedOnToolsVersion = 16.3;
						TestTargetID = 59FC62022E0EBA190076D91F;
					};
					59FC62202E0EBA1A0076D91F = {
						CreatedOnToolsVersion = 16.3;
						TestTargetID = 59FC62022E0EBA190076D91F;
					};
				};
			};
			buildConfigurationList = 59FC61FE2E0EBA190076D91F /* Build configuration list for PBXProject "WordCraft" */;
			developmentRegion = en;
			hasScannedForEncodings = 0;
			knownRegions = (
				en,
				Base,
			);
			mainGroup = 59FC61FA2E0EBA190076D91F;
			minimizedProjectReferenceProxies = 1;
			preferredProjectObjectVersion = 77;
			productRefGroup = 59FC62042E0EBA190076D91F /* Products */;
			projectDirPath = "";
			projectRoot = "";
			targets = (
				59FC62022E0EBA190076D91F /* WordCraft */,
				59FC62162E0EBA1A0076D91F /* WordCraftTests */,
				59FC62202E0EBA1A0076D91F /* WordCraftUITests */,
			);
		};
/* End PBXProject section */

/* Begin PBXResourcesBuildPhase section */
		59FC62012E0EBA190076D91F /* Resources */ = {
			isa = PBXResourcesBuildPhase;
			buildActionMask = 2147483647;
			files = (
				59FC620B2E0EBA190076D91F /* Assets.xcassets in Resources */,
			);
			runOnlyForDeploymentPostprocessing = 0;
		};
		59FC62152E0EBA1A0076D91F /* Resources */ = {
			isa = PBXResourcesBuildPhase;
			buildActionMask = 2147483647;
			files = (
			);
			runOnlyForDeploymentPostprocessing = 0;
		};
		59FC621F2E0EBA1A0076D91F /* Resources */ = {
			isa = PBXResourcesBuildPhase;
			buildActionMask = 2147483647;
			files = (
			);
			runOnlyForDeploymentPostprocessing = 0;
		};
/* End PBXResourcesBuildPhase section */

/* Begin PBXSourcesBuildPhase section */
		59FC61FF2E0EBA190076D91F /* Sources */ = {
			isa = PBXSourcesBuildPhase;
			buildActionMask = 2147483647;
			files = (
				59FC620D2E0EBA190076D91F /* Persistence.swift in Sources */,
				59FC62092E0EBA190076D91F /* ContentView.swift in Sources */,
				59FC62102E0EBA190076D91F /* WordCraft.xcdatamodeld in Sources */,
				59FC62072E0EBA190076D91F /* WordCraftApp.swift in Sources */,
			);
			runOnlyForDeploymentPostprocessing = 0;
		};
		59FC62132E0EBA1A0076D91F /* Sources */ = {
			isa = PBXSourcesBuildPhase;
			buildActionMask = 2147483647;
			files = (
			);
			runOnlyForDeploymentPostprocessing = 0;
		};
		59FC621D2E0EBA1A0076D91F /* Sources */ = {
			isa = PBXSourcesBuildPhase;
			buildActionMask = 2147483647;
			files = (
			);
			runOnlyForDeploymentPostprocessing = 0;
		};
/* End PBXSourcesBuildPhase section */

/* Begin PBXTargetDependency section */
		59FC62192E0EBA1A0076D91F /* PBXTargetDependency */ = {
			isa = PBXTargetDependency;
			target = 59FC62022E0EBA190076D91F /* WordCraft */;
			targetProxy = 59FC62182E0EBA1A0076D91F /* PBXContainerItemProxy */;
		};
		59FC62232E0EBA1A0076D91F /* PBXTargetDependency */ = {
			isa = PBXTargetDependency;
			target = 59FC62022E0EBA190076D91F /* WordCraft */;
			targetProxy = 59FC62222E0EBA1A0076D91F /* PBXContainerItemProxy */;
		};
/* End PBXTargetDependency section */

/* Begin XCBuildConfiguration section */
		59FC622B2E0EBA1A0076D91F /* Debug */ = {
			isa = XCBuildConfiguration;
			buildSettings = {
				ASSETCATALOG_COMPILER_APPICON_NAME = AppIcon;
				ASSETCATALOG_COMPILER_GLOBAL_ACCENT_COLOR_NAME = AccentColor;
				CODE_SIGN_ENTITLEMENTS = WordCraft/WordCraft.entitlements;
				CODE_SIGN_STYLE = Automatic;
				CURRENT_PROJECT_VERSION = 1;
				DEVELOPMENT_TEAM = VMUM9NBD85;
				ENABLE_PREVIEWS = YES;
				GENERATE_INFOPLIST_FILE = YES;
				INFOPLIST_FILE = WordCraft/Info.plist;
				INFOPLIST_KEY_UIApplicationSceneManifest_Generation = YES;
				INFOPLIST_KEY_UIApplicationSupportsIndirectInputEvents = YES;
				INFOPLIST_KEY_UILaunchScreen_Generation = YES;
				INFOPLIST_KEY_UISupportedInterfaceOrientations_iPad = "UIInterfaceOrientationPortrait UIInterfaceOrientationPortraitUpsideDown UIInterfaceOrientationLandscapeLeft UIInterfaceOrientationLandscapeRight";
				INFOPLIST_KEY_UISupportedInterfaceOrientations_iPhone = "UIInterfaceOrientationPortrait UIInterfaceOrientationLandscapeLeft UIInterfaceOrientationLandscapeRight";
				LD_RUNPATH_SEARCH_PATHS = (
					"$(inherited)",
					"@executable_path/Frameworks",
				);
				MARKETING_VERSION = 1.0;
				PRODUCT_BUNDLE_IDENTIFIER = arda.WordCraft;
				PRODUCT_NAME = "$(TARGET_NAME)";
				SWIFT_EMIT_LOC_STRINGS = YES;
				SWIFT_VERSION = 5.0;
				TARGETED_DEVICE_FAMILY = "1,2";
			};
			name = Debug;
		};
		59FC622C2E0EBA1A0076D91F /* Release */ = {
			isa = XCBuildConfiguration;
			buildSettings = {
				ASSETCATALOG_COMPILER_APPICON_NAME = AppIcon;
				ASSETCATALOG_COMPILER_GLOBAL_ACCENT_COLOR_NAME = AccentColor;
				CODE_SIGN_ENTITLEMENTS = WordCraft/WordCraft.entitlements;
				CODE_SIGN_STYLE = Automatic;
				CURRENT_PROJECT_VERSION = 1;
				DEVELOPMENT_TEAM = VMUM9NBD85;
				ENABLE_PREVIEWS = YES;
				GENERATE_INFOPLIST_FILE = YES;
				INFOPLIST_FILE = WordCraft/Info.plist;
				INFOPLIST_KEY_UIApplicationSceneManifest_Generation = YES;
				INFOPLIST_KEY_UIApplicationSupportsIndirectInputEvents = YES;
				INFOPLIST_KEY_UILaunchScreen_Generation = YES;
				INFOPLIST_KEY_UISupportedInterfaceOrientations_iPad = "UIInterfaceOrientationPortrait UIInterfaceOrientationPortraitUpsideDown UIInterfaceOrientationLandscapeLeft UIInterfaceOrientationLandscapeRight";
				INFOPLIST_KEY_UISupportedInterfaceOrientations_iPhone = "UIInterfaceOrientationPortrait UIInterfaceOrientationLandscapeLeft UIInterfaceOrientationLandscapeRight";
				LD_RUNPATH_SEARCH_PATHS = (
					"$(inherited)",
					"@executable_path/Frameworks",
				);
				MARKETING_VERSION = 1.0;
				PRODUCT_BUNDLE_IDENTIFIER = arda.WordCraft;
				PRODUCT_NAME = "$(TARGET_NAME)";
				SWIFT_EMIT_LOC_STRINGS = YES;
				SWIFT_VERSION = 5.0;
				TARGETED_DEVICE_FAMILY = "1,2";
			};
			name = Release;
		};
		59FC622D2E0EBA1A0076D91F /* Debug */ = {
			isa = XCBuildConfiguration;
			buildSettings = {
				ALWAYS_SEARCH_USER_PATHS = NO;
				ASSETCATALOG_COMPILER_GENERATE_SWIFT_ASSET_SYMBOL_EXTENSIONS = YES;
				CLANG_ANALYZER_NONNULL = YES;
				CLANG_ANALYZER_NUMBER_OBJECT_CONVERSION = YES_AGGRESSIVE;
				CLANG_CXX_LANGUAGE_STANDARD = "gnu++20";
				CLANG_ENABLE_MODULES = YES;
				CLANG_ENABLE_OBJC_ARC = YES;
				CLANG_ENABLE_OBJC_WEAK = YES;
				CLANG_WARN_BLOCK_CAPTURE_AUTORELEASING = YES;
				CLANG_WARN_BOOL_CONVERSION = YES;
				CLANG_WARN_COMMA = YES;
				CLANG_WARN_CONSTANT_CONVERSION = YES;
				CLANG_WARN_DEPRECATED_OBJC_IMPLEMENTATIONS = YES;
				CLANG_WARN_DIRECT_OBJC_ISA_USAGE = YES_ERROR;
				CLANG_WARN_DOCUMENTATION_COMMENTS = YES;
				CLANG_WARN_EMPTY_BODY = YES;
				CLANG_WARN_ENUM_CONVERSION = YES;
				CLANG_WARN_INFINITE_RECURSION = YES;
				CLANG_WARN_INT_CONVERSION = YES;
				CLANG_WARN_NON_LITERAL_NULL_CONVERSION = YES;
				CLANG_WARN_OBJC_IMPLICIT_RETAIN_SELF = YES;
				CLANG_WARN_OBJC_LITERAL_CONVERSION = YES;
				CLANG_WARN_OBJC_ROOT_CLASS = YES_ERROR;
				CLANG_WARN_QUOTED_INCLUDE_IN_FRAMEWORK_HEADER = YES;
				CLANG_WARN_RANGE_LOOP_ANALYSIS = YES;
				CLANG_WARN_STRICT_PROTOTYPES = YES;
				CLANG_WARN_SUSPICIOUS_MOVE = YES;
				CLANG_WARN_UNGUARDED_AVAILABILITY = YES_AGGRESSIVE;
				CLANG_WARN_UNREACHABLE_CODE = YES;
				CLANG_WARN__DUPLICATE_METHOD_MATCH = YES;
				COPY_PHASE_STRIP = NO;
				DEBUG_INFORMATION_FORMAT = dwarf;
				DEVELOPMENT_TEAM = VMUM9NBD85;
				ENABLE_STRICT_OBJC_MSGSEND = YES;
				ENABLE_TESTABILITY = YES;
				ENABLE_USER_SCRIPT_SANDBOXING = YES;
				GCC_C_LANGUAGE_STANDARD = gnu17;
				GCC_DYNAMIC_NO_PIC = NO;
				GCC_NO_COMMON_BLOCKS = YES;
				GCC_OPTIMIZATION_LEVEL = 0;
				GCC_PREPROCESSOR_DEFINITIONS = (
					"DEBUG=1",
					"$(inherited)",
				);
				GCC_WARN_64_TO_32_BIT_CONVERSION = YES;
				GCC_WARN_ABOUT_RETURN_TYPE = YES_ERROR;
				GCC_WARN_UNDECLARED_SELECTOR = YES;
				GCC_WARN_UNINITIALIZED_AUTOS = YES_AGGRESSIVE;
				GCC_WARN_UNUSED_FUNCTION = YES;
				GCC_WARN_UNUSED_VARIABLE = YES;
				IPHONEOS_DEPLOYMENT_TARGET = 18.4;
				LOCALIZATION_PREFERS_STRING_CATALOGS = YES;
				MTL_ENABLE_DEBUG_INFO = INCLUDE_SOURCE;
				MTL_FAST_MATH = YES;
				ONLY_ACTIVE_ARCH = YES;
				SDKROOT = iphoneos;
				SWIFT_ACTIVE_COMPILATION_CONDITIONS = "DEBUG $(inherited)";
				SWIFT_OPTIMIZATION_LEVEL = "-Onone";
			};
			name = Debug;
		};
		59FC622E2E0EBA1A0076D91F /* Release */ = {
			isa = XCBuildConfiguration;
			buildSettings = {
				ALWAYS_SEARCH_USER_PATHS = NO;
				ASSETCATALOG_COMPILER_GENERATE_SWIFT_ASSET_SYMBOL_EXTENSIONS = YES;
				CLANG_ANALYZER_NONNULL = YES;
				CLANG_ANALYZER_NUMBER_OBJECT_CONVERSION = YES_AGGRESSIVE;
				CLANG_CXX_LANGUAGE_STANDARD = "gnu++20";
				CLANG_ENABLE_MODULES = YES;
				CLANG_ENABLE_OBJC_ARC = YES;
				CLANG_ENABLE_OBJC_WEAK = YES;
				CLANG_WARN_BLOCK_CAPTURE_AUTORELEASING = YES;
				CLANG_WARN_BOOL_CONVERSION = YES;
				CLANG_WARN_COMMA = YES;
				CLANG_WARN_CONSTANT_CONVERSION = YES;
				CLANG_WARN_DEPRECATED_OBJC_IMPLEMENTATIONS = YES;
				CLANG_WARN_DIRECT_OBJC_ISA_USAGE = YES_ERROR;
				CLANG_WARN_DOCUMENTATION_COMMENTS = YES;
				CLANG_WARN_EMPTY_BODY = YES;
				CLANG_WARN_ENUM_CONVERSION = YES;
				CLANG_WARN_INFINITE_RECURSION = YES;
				CLANG_WARN_INT_CONVERSION = YES;
				CLANG_WARN_NON_LITERAL_NULL_CONVERSION = YES;
				CLANG_WARN_OBJC_IMPLICIT_RETAIN_SELF = YES;
				CLANG_WARN_OBJC_LITERAL_CONVERSION = YES;
				CLANG_WARN_OBJC_ROOT_CLASS = YES_ERROR;
				CLANG_WARN_QUOTED_INCLUDE_IN_FRAMEWORK_HEADER = YES;
				CLANG_WARN_RANGE_LOOP_ANALYSIS = YES;
				CLANG_WARN_STRICT_PROTOTYPES = YES;
				CLANG_WARN_SUSPICIOUS_MOVE = YES;
				CLANG_WARN_UNGUARDED_AVAILABILITY = YES_AGGRESSIVE;
				CLANG_WARN_UNREACHABLE_CODE = YES;
				CLANG_WARN__DUPLICATE_METHOD_MATCH = YES;
				COPY_PHASE_STRIP = NO;
				DEBUG_INFORMATION_FORMAT = "dwarf-with-dsym";
				DEVELOPMENT_TEAM = VMUM9NBD85;
				ENABLE_NS_ASSERTIONS = NO;
				ENABLE_STRICT_OBJC_MSGSEND = YES;
				ENABLE_USER_SCRIPT_SANDBOXING = YES;
				GCC_C_LANGUAGE_STANDARD = gnu17;
				GCC_NO_COMMON_BLOCKS = YES;
				GCC_WARN_64_TO_32_BIT_CONVERSION = YES;
				GCC_WARN_ABOUT_RETURN_TYPE = YES_ERROR;
				GCC_WARN_UNDECLARED_SELECTOR = YES;
				GCC_WARN_UNINITIALIZED_AUTOS = YES_AGGRESSIVE;
				GCC_WARN_UNUSED_FUNCTION = YES;
				GCC_WARN_UNUSED_VARIABLE = YES;
				IPHONEOS_DEPLOYMENT_TARGET = 18.4;
				LOCALIZATION_PREFERS_STRING_CATALOGS = YES;
				MTL_ENABLE_DEBUG_INFO = NO;
				MTL_FAST_MATH = YES;
				SDKROOT = iphoneos;
				SWIFT_COMPILATION_MODE = wholemodule;
				VALIDATE_PRODUCT = YES;
			};
			name = Release;
		};
		59FC62302E0EBA1A0076D91F /* Debug */ = {
			isa = XCBuildConfiguration;
			buildSettings = {
				BUNDLE_LOADER = "$(TEST_HOST)";
				CODE_SIGN_STYLE = Automatic;
				CURRENT_PROJECT_VERSION = 1;
				DEVELOPMENT_TEAM = VMUM9NBD85;
				GENERATE_INFOPLIST_FILE = YES;
				IPHONEOS_DEPLOYMENT_TARGET = 18.4;
				MARKETING_VERSION = 1.0;
				PRODUCT_BUNDLE_IDENTIFIER = arda.WordCraftTests;
				PRODUCT_NAME = "$(TARGET_NAME)";
				SWIFT_EMIT_LOC_STRINGS = NO;
				SWIFT_VERSION = 5.0;
				TARGETED_DEVICE_FAMILY = "1,2";
				TEST_HOST = "$(BUILT_PRODUCTS_DIR)/WordCraft.app/$(BUNDLE_EXECUTABLE_FOLDER_PATH)/WordCraft";
			};
			name = Debug;
		};
		59FC62312E0EBA1A0076D91F /* Release */ = {
			isa = XCBuildConfiguration;
			buildSettings = {
				BUNDLE_LOADER = "$(TEST_HOST)";
				CODE_SIGN_STYLE = Automatic;
				CURRENT_PROJECT_VERSION = 1;
				DEVELOPMENT_TEAM = VMUM9NBD85;
				GENERATE_INFOPLIST_FILE = YES;
				IPHONEOS_DEPLOYMENT_TARGET = 18.4;
				MARKETING_VERSION = 1.0;
				PRODUCT_BUNDLE_IDENTIFIER = arda.WordCraftTests;
				PRODUCT_NAME = "$(TARGET_NAME)";
				SWIFT_EMIT_LOC_STRINGS = NO;
				SWIFT_VERSION = 5.0;
				TARGETED_DEVICE_FAMILY = "1,2";
				TEST_HOST = "$(BUILT_PRODUCTS_DIR)/WordCraft.app/$(BUNDLE_EXECUTABLE_FOLDER_PATH)/WordCraft";
			};
			name = Release;
		};
		59FC62332E0EBA1A0076D91F /* Debug */ = {
			isa = XCBuildConfiguration;
			buildSettings = {
				CODE_SIGN_STYLE = Automatic;
				CURRENT_PROJECT_VERSION = 1;
				DEVELOPMENT_TEAM = VMUM9NBD85;
				GENERATE_INFOPLIST_FILE = YES;
				MARKETING_VERSION = 1.0;
				PRODUCT_BUNDLE_IDENTIFIER = arda.WordCraftUITests;
				PRODUCT_NAME = "$(TARGET_NAME)";
				SWIFT_EMIT_LOC_STRINGS = NO;
				SWIFT_VERSION = 5.0;
				TARGETED_DEVICE_FAMILY = "1,2";
				TEST_TARGET_NAME = WordCraft;
			};
			name = Debug;
		};
		59FC62342E0EBA1A0076D91F /* Release */ = {
			isa = XCBuildConfiguration;
			buildSettings = {
				CODE_SIGN_STYLE = Automatic;
				CURRENT_PROJECT_VERSION = 1;
				DEVELOPMENT_TEAM = VMUM9NBD85;
				GENERATE_INFOPLIST_FILE = YES;
				MARKETING_VERSION = 1.0;
				PRODUCT_BUNDLE_IDENTIFIER = arda.WordCraftUITests;
				PRODUCT_NAME = "$(TARGET_NAME)";
				SWIFT_EMIT_LOC_STRINGS = NO;
				SWIFT_VERSION = 5.0;
				TARGETED_DEVICE_FAMILY = "1,2";
				TEST_TARGET_NAME = WordCraft;
			};
			name = Release;
		};
/* End XCBuildConfiguration section */

/* Begin XCConfigurationList section */
		59FC61FE2E0EBA190076D91F /* Build configuration list for PBXProject "WordCraft" */ = {
			isa = XCConfigurationList;
			buildConfigurations = (
				59FC622D2E0EBA1A0076D91F /* Debug */,
				59FC622E2E0EBA1A0076D91F /* Release */,
			);
			defaultConfigurationIsVisible = 0;
			defaultConfigurationName = Release;
		};
		59FC622A2E0EBA1A0076D91F /* Build configuration list for PBXNativeTarget "WordCraft" */ = {
			isa = XCConfigurationList;
			buildConfigurations = (
				59FC622B2E0EBA1A0076D91F /* Debug */,
				59FC622C2E0EBA1A0076D91F /* Release */,
			);
			defaultConfigurationIsVisible = 0;
			defaultConfigurationName = Release;
		};
		59FC622F2E0EBA1A0076D91F /* Build configuration list for PBXNativeTarget "WordCraftTests" */ = {
			isa = XCConfigurationList;
			buildConfigurations = (
				59FC62302E0EBA1A0076D91F /* Debug */,
				59FC62312E0EBA1A0076D91F /* Release */,
			);
			defaultConfigurationIsVisible = 0;
			defaultConfigurationName = Release;
		};
		59FC62322E0EBA1A0076D91F /* Build configuration list for PBXNativeTarget "WordCraftUITests" */ = {
			isa = XCConfigurationList;
			buildConfigurations = (
				59FC62332E0EBA1A0076D91F /* Debug */,
				59FC62342E0EBA1A0076D91F /* Release */,
			);
			defaultConfigurationIsVisible = 0;
			defaultConfigurationName = Release;
		};
/* End XCConfigurationList section */

/* Begin XCVersionGroup section */
		59FC620E2E0EBA190076D91F /* WordCraft.xcdatamodeld */ = {
			isa = XCVersionGroup;
			children = (
				59FC620F2E0EBA190076D91F /* WordCraft.xcdatamodel */,
			);
			currentVersion = 59FC620F2E0EBA190076D91F /* WordCraft.xcdatamodel */;
			path = WordCraft.xcdatamodeld;
			sourceTree = "<group>";
			versionGroupType = wrapper.xcdatamodel;
		};
/* End XCVersionGroup section */
	};
	rootObject = 59FC61FB2E0EBA190076D91F /* Project object */;
}
